
Microsoft Visual Studio Solution File, Format Version 12.00
# Visual Studio Version 17
VisualStudioVersion = 17.0.31919.166
MinimumVisualStudioVersion = 10.0.40219.1
Project("{2150E333-8FDC-42A3-9474-1A3956D46DE8}") = "src", "src", "{231A5A66-2062-4B9E-B50E-8F7743D0FB18}"
EndProject
Project("{2150E333-8FDC-42A3-9474-1A3956D46DE8}") = "ECommerce", "ECommerce", "{242F970D-3BF0-4B00-914B-1A97E4F2F37B}"
EndProject
Project("{9A19103F-16F7-4668-BE54-9A1E7A4F7556}") = "Application", "src\ECommerce\Application\Application.csproj", "{A157765A-F8C6-4A08-970B-36430224662D}"
EndProject
Project("{9A19103F-16F7-4668-BE54-9A1E7A4F7556}") = "Domain", "src\ECommerce\Domain\Domain.csproj", "{7EA7414C-DFC8-4DEF-AA63-4462178A1597}"
EndProject
Project("{9A19103F-16F7-4668-BE54-9A1E7A4F7556}") = "Infrastructure.Persistence", "src\ECommerce\Infrastructure.Persistence\Infrastructure.Persistence.csproj", "{4236BBA4-F3EB-472A-B559-080E7DAE140E}"
EndProject
Project("{9A19103F-16F7-4668-BE54-9A1E7A4F7556}") = "Common", "src\ECommerce\Common\Common.csproj", "{86BE6E0B-523A-4887-BE29-2A12C22066E8}"
EndProject
Project("{9A19103F-16F7-4668-BE54-9A1E7A4F7556}") = "GiveOfferAPI", "src\ECommerce\GiveOfferAPI\GiveOfferAPI.csproj", "{2ED70EBC-B4D4-45AF-80FF-60D81E4E95E2}"
EndProject
Project("{FAE04EC0-301F-11D3-BF4B-00C04F79EFBC}") = "BlazorECommerce", "src\ECommerce\BlazorECommerce\BlazorECommerce.csproj", "{B998D6D8-F12F-4287-91DF-5403C094CE56}"
EndProject
Global
	GlobalSection(SolutionConfigurationPlatforms) = preSolution
		Debug|Any CPU = Debug|Any CPU
		Release|Any CPU = Release|Any CPU
	EndGlobalSection
	GlobalSection(ProjectConfigurationPlatforms) = postSolution
		{A157765A-F8C6-4A08-970B-36430224662D}.Debug|Any CPU.ActiveCfg = Debug|Any CPU
		{A157765A-F8C6-4A08-970B-36430224662D}.Debug|Any CPU.Build.0 = Debug|Any CPU
		{A157765A-F8C6-4A08-970B-36430224662D}.Release|Any CPU.ActiveCfg = Release|Any CPU
		{A157765A-F8C6-4A08-970B-36430224662D}.Release|Any CPU.Build.0 = Release|Any CPU
		{7EA7414C-DFC8-4DEF-AA63-4462178A1597}.Debug|Any CPU.ActiveCfg = Debug|Any CPU
		{7EA7414C-DFC8-4DEF-AA63-4462178A1597}.Debug|Any CPU.Build.0 = Debug|Any CPU
		{7EA7414C-DFC8-4DEF-AA63-4462178A1597}.Release|Any CPU.ActiveCfg = Release|Any CPU
		{7EA7414C-DFC8-4DEF-AA63-4462178A1597}.Release|Any CPU.Build.0 = Release|Any CPU
		{4236BBA4-F3EB-472A-B559-080E7DAE140E}.Debug|Any CPU.ActiveCfg = Debug|Any CPU
		{4236BBA4-F3EB-472A-B559-080E7DAE140E}.Debug|Any CPU.Build.0 = Debug|Any CPU
		{4236BBA4-F3EB-472A-B559-080E7DAE140E}.Release|Any CPU.ActiveCfg = Release|Any CPU
		{4236BBA4-F3EB-472A-B559-080E7DAE140E}.Release|Any CPU.Build.0 = Release|Any CPU
		{86BE6E0B-523A-4887-BE29-2A12C22066E8}.Debug|Any CPU.ActiveCfg = Debug|Any CPU
		{86BE6E0B-523A-4887-BE29-2A12C22066E8}.Debug|Any CPU.Build.0 = Debug|Any CPU
		{86BE6E0B-523A-4887-BE29-2A12C22066E8}.Release|Any CPU.ActiveCfg = Release|Any CPU
		{86BE6E0B-523A-4887-BE29-2A12C22066E8}.Release|Any CPU.Build.0 = Release|Any CPU
		{2ED70EBC-B4D4-45AF-80FF-60D81E4E95E2}.Debug|Any CPU.ActiveCfg = Debug|Any CPU
		{2ED70EBC-B4D4-45AF-80FF-60D81E4E95E2}.Debug|Any CPU.Build.0 = Debug|Any CPU
		{2ED70EBC-B4D4-45AF-80FF-60D81E4E95E2}.Release|Any CPU.ActiveCfg = Release|Any CPU
		{2ED70EBC-B4D4-45AF-80FF-60D81E4E95E2}.Release|Any CPU.Build.0 = Release|Any CPU
		{B998D6D8-F12F-4287-91DF-5403C094CE56}.Debug|Any CPU.ActiveCfg = Debug|Any CPU
		{B998D6D8-F12F-4287-91DF-5403C094CE56}.Debug|Any CPU.Build.0 = Debug|Any CPU
		{B998D6D8-F12F-4287-91DF-5403C094CE56}.Release|Any CPU.ActiveCfg = Release|Any CPU
		{B998D6D8-F12F-4287-91DF-5403C094CE56}.Release|Any CPU.Build.0 = Release|Any CPU
	EndGlobalSection
	GlobalSection(SolutionProperties) = preSolution
		HideSolutionNode = FALSE
	EndGlobalSection
	GlobalSection(NestedProjects) = preSolution
		{242F970D-3BF0-4B00-914B-1A97E4F2F37B} = {231A5A66-2062-4B9E-B50E-8F7743D0FB18}
		{A157765A-F8C6-4A08-970B-36430224662D} = {242F970D-3BF0-4B00-914B-1A97E4F2F37B}
		{7EA7414C-DFC8-4DEF-AA63-4462178A1597} = {242F970D-3BF0-4B00-914B-1A97E4F2F37B}
		{4236BBA4-F3EB-472A-B559-080E7DAE140E} = {242F970D-3BF0-4B00-914B-1A97E4F2F37B}
		{86BE6E0B-523A-4887-BE29-2A12C22066E8} = {242F970D-3BF0-4B00-914B-1A97E4F2F37B}
		{2ED70EBC-B4D4-45AF-80FF-60D81E4E95E2} = {242F970D-3BF0-4B00-914B-1A97E4F2F37B}
		{B998D6D8-F12F-4287-91DF-5403C094CE56} = {242F970D-3BF0-4B00-914B-1A97E4F2F37B}
	EndGlobalSection
	GlobalSection(ExtensibilityGlobals) = postSolution
		SolutionGuid = {9370D870-86AE-4D08-B67A-168A14ECCBDA}
	EndGlobalSection
EndGlobal
